
Microsoft Visual Studio Solution File, Format Version 12.00
# Visual Studio Version 16
VisualStudioVersion = 16.0.31005.135
MinimumVisualStudioVersion = 10.0.40219.1
Project("{FAE04EC0-301F-11D3-BF4B-00C04F79EFBC}") = "TimeFutebol", "TimeFutebol\TimeFutebol.csproj", "{7FA8E61B-8459-4F41-913C-51EF3125104E}"
EndProject
Global
	GlobalSection(SolutionConfigurationPlatforms) = preSolution
		Debug|Any CPU = Debug|Any CPU
		Release|Any CPU = Release|Any CPU
	EndGlobalSection
	GlobalSection(ProjectConfigurationPlatforms) = postSolution
		{7FA8E61B-8459-4F41-913C-51EF3125104E}.Debug|Any CPU.ActiveCfg = Debug|Any CPU
		{7FA8E61B-8459-4F41-913C-51EF3125104E}.Debug|Any CPU.Build.0 = Debug|Any CPU
		{7FA8E61B-8459-4F41-913C-51EF3125104E}.Release|Any CPU.ActiveCfg = Release|Any CPU
		{7FA8E61B-8459-4F41-913C-51EF3125104E}.Release|Any CPU.Build.0 = Release|Any CPU
	EndGlobalSection
	GlobalSection(SolutionProperties) = preSolution
		HideSolutionNode = FALSE
	EndGlobalSection
	GlobalSection(ExtensibilityGlobals) = postSolution
		SolutionGuid = {F1A68C24-7C5D-4FE7-B4C2-0224FA9CAAA4}
	EndGlobalSection
EndGlobal
